
Microsoft Visual Studio Solution File, Format Version 12.00
Project("{FAE04EC0-301F-11D3-BF4B-00C04F79EFBC}") = "WebApplication", "WebApplication\WebApplication.csproj", "{B2BF459E-9489-44EB-902E-F3346F9E1A67}"
EndProject
Project("{FAE04EC0-301F-11D3-BF4B-00C04F79EFBC}") = "DAL.App.EF", "DAL.App.EF\DAL.App.EF.csproj", "{283D3399-7304-481E-8543-B905AB180C7C}"
EndProject
Project("{FAE04EC0-301F-11D3-BF4B-00C04F79EFBC}") = "Domain.App", "Domain.App\Domain.App.csproj", "{AFD302B5-98A5-4D2D-AE21-D7CFA9FB27C3}"
EndProject
Project("{2150E333-8FDC-42A3-9474-1A3956D46DE8}") = "SolutionItems", "SolutionItems", "{CBDC4E71-AEB9-4C2B-835D-AD876FD4FD89}"
ProjectSection(SolutionItems) = preProject
	.gitignore = .gitignore
	Directory.Build.props = Directory.Build.props
EndProjectSection
EndProject
Project("{FAE04EC0-301F-11D3-BF4B-00C04F79EFBC}") = "DAL.Base", "DAL.Base\DAL.Base.csproj", "{420785DD-70D1-4BD6-84AD-CD88A6D4E3E7}"
EndProject
Project("{FAE04EC0-301F-11D3-BF4B-00C04F79EFBC}") = "Extensions", "Extensions\Extensions.csproj", "{9391D8FB-0C2E-4807-8A8D-3EF20A4B054F}"
EndProject
Project("{FAE04EC0-301F-11D3-BF4B-00C04F79EFBC}") = "DAL.Base.EF", "DAL.Base.EF\DAL.Base.EF.csproj", "{50BF1476-C7E2-46AB-8C9F-F3C2286D4ECA}"
EndProject
Project("{FAE04EC0-301F-11D3-BF4B-00C04F79EFBC}") = "Contracts.DAL.App", "Contracts.DAL.App\Contracts.DAL.App.csproj", "{CD6380FA-B6F7-4FF4-93C1-2A2F47778AC4}"
EndProject
Project("{FAE04EC0-301F-11D3-BF4B-00C04F79EFBC}") = "BLL.App", "BLL.App\BLL.App.csproj", "{1FDED58A-1A62-46E5-875D-6B414C899623}"
EndProject
Project("{FAE04EC0-301F-11D3-BF4B-00C04F79EFBC}") = "PublicApi.DTO.V1", "PublicApi.DTO.V1\PublicApi.DTO.V1.csproj", "{179C7113-28EB-43D5-9BE7-B72CA83BC5D6}"
EndProject
Project("{FAE04EC0-301F-11D3-BF4B-00C04F79EFBC}") = "Contracts.BLL.App", "Contracts.BLL.App\Contracts.BLL.App.csproj", "{0E8BC8F0-6DED-49C1-ADBF-850B1021DDA4}"
EndProject
Project("{FAE04EC0-301F-11D3-BF4B-00C04F79EFBC}") = "Resources", "Resources\Resources.csproj", "{5B9D6E50-B032-4D30-9174-67B776A3E261}"
EndProject
Project("{FAE04EC0-301F-11D3-BF4B-00C04F79EFBC}") = "BLL.Base", "BLL.Base\BLL.Base.csproj", "{8904346B-8C4B-4BE5-AB7B-23D5C09986AA}"
EndProject
Project("{2150E333-8FDC-42A3-9474-1A3956D46DE8}") = "DAL", "DAL", "{C761BDF3-58AD-4229-B536-A6449392E6B5}"
EndProject
Project("{2150E333-8FDC-42A3-9474-1A3956D46DE8}") = "BLL", "BLL", "{EE3FF478-5716-46BB-A88B-934386F468A7}"
EndProject
Project("{FAE04EC0-301F-11D3-BF4B-00C04F79EFBC}") = "DAL.App.DTO", "DAL.App.DTO\DAL.App.DTO.csproj", "{E3C10AF8-69A9-42FC-8ACF-5C1AE9B64378}"
EndProject
Project("{FAE04EC0-301F-11D3-BF4B-00C04F79EFBC}") = "BLL.App.DTO", "BLL.App.DTO\BLL.App.DTO.csproj", "{ACF93F2C-E3A1-49B8-9A03-19DB0B3E0C61}"
EndProject
Project("{FAE04EC0-301F-11D3-BF4B-00C04F79EFBC}") = "Domain.Base", "Domain.Base\Domain.Base.csproj", "{32BCEF00-B4FB-45A3-84BC-1AC9C0CDF061}"
EndProject
Project("{2150E333-8FDC-42A3-9474-1A3956D46DE8}") = "Domain", "Domain", "{EB8D0048-29B1-4788-B2A2-DAA0B17482C6}"
EndProject
Global
	GlobalSection(SolutionConfigurationPlatforms) = preSolution
		Debug|Any CPU = Debug|Any CPU
		Release|Any CPU = Release|Any CPU
	EndGlobalSection
	GlobalSection(ProjectConfigurationPlatforms) = postSolution
		{B2BF459E-9489-44EB-902E-F3346F9E1A67}.Debug|Any CPU.ActiveCfg = Debug|Any CPU
		{B2BF459E-9489-44EB-902E-F3346F9E1A67}.Debug|Any CPU.Build.0 = Debug|Any CPU
		{B2BF459E-9489-44EB-902E-F3346F9E1A67}.Release|Any CPU.ActiveCfg = Release|Any CPU
		{B2BF459E-9489-44EB-902E-F3346F9E1A67}.Release|Any CPU.Build.0 = Release|Any CPU
		{283D3399-7304-481E-8543-B905AB180C7C}.Debug|Any CPU.ActiveCfg = Debug|Any CPU
		{283D3399-7304-481E-8543-B905AB180C7C}.Debug|Any CPU.Build.0 = Debug|Any CPU
		{283D3399-7304-481E-8543-B905AB180C7C}.Release|Any CPU.ActiveCfg = Release|Any CPU
		{283D3399-7304-481E-8543-B905AB180C7C}.Release|Any CPU.Build.0 = Release|Any CPU
		{AFD302B5-98A5-4D2D-AE21-D7CFA9FB27C3}.Debug|Any CPU.ActiveCfg = Debug|Any CPU
		{AFD302B5-98A5-4D2D-AE21-D7CFA9FB27C3}.Debug|Any CPU.Build.0 = Debug|Any CPU
		{AFD302B5-98A5-4D2D-AE21-D7CFA9FB27C3}.Release|Any CPU.ActiveCfg = Release|Any CPU
		{AFD302B5-98A5-4D2D-AE21-D7CFA9FB27C3}.Release|Any CPU.Build.0 = Release|Any CPU
		{420785DD-70D1-4BD6-84AD-CD88A6D4E3E7}.Debug|Any CPU.ActiveCfg = Debug|Any CPU
		{420785DD-70D1-4BD6-84AD-CD88A6D4E3E7}.Debug|Any CPU.Build.0 = Debug|Any CPU
		{420785DD-70D1-4BD6-84AD-CD88A6D4E3E7}.Release|Any CPU.ActiveCfg = Release|Any CPU
		{420785DD-70D1-4BD6-84AD-CD88A6D4E3E7}.Release|Any CPU.Build.0 = Release|Any CPU
		{9391D8FB-0C2E-4807-8A8D-3EF20A4B054F}.Debug|Any CPU.ActiveCfg = Debug|Any CPU
		{9391D8FB-0C2E-4807-8A8D-3EF20A4B054F}.Debug|Any CPU.Build.0 = Debug|Any CPU
		{9391D8FB-0C2E-4807-8A8D-3EF20A4B054F}.Release|Any CPU.ActiveCfg = Release|Any CPU
		{9391D8FB-0C2E-4807-8A8D-3EF20A4B054F}.Release|Any CPU.Build.0 = Release|Any CPU
		{50BF1476-C7E2-46AB-8C9F-F3C2286D4ECA}.Debug|Any CPU.ActiveCfg = Debug|Any CPU
		{50BF1476-C7E2-46AB-8C9F-F3C2286D4ECA}.Debug|Any CPU.Build.0 = Debug|Any CPU
		{50BF1476-C7E2-46AB-8C9F-F3C2286D4ECA}.Release|Any CPU.ActiveCfg = Release|Any CPU
		{50BF1476-C7E2-46AB-8C9F-F3C2286D4ECA}.Release|Any CPU.Build.0 = Release|Any CPU
		{CD6380FA-B6F7-4FF4-93C1-2A2F47778AC4}.Debug|Any CPU.ActiveCfg = Debug|Any CPU
		{CD6380FA-B6F7-4FF4-93C1-2A2F47778AC4}.Debug|Any CPU.Build.0 = Debug|Any CPU
		{CD6380FA-B6F7-4FF4-93C1-2A2F47778AC4}.Release|Any CPU.ActiveCfg = Release|Any CPU
		{CD6380FA-B6F7-4FF4-93C1-2A2F47778AC4}.Release|Any CPU.Build.0 = Release|Any CPU
		{1FDED58A-1A62-46E5-875D-6B414C899623}.Debug|Any CPU.ActiveCfg = Debug|Any CPU
		{1FDED58A-1A62-46E5-875D-6B414C899623}.Debug|Any CPU.Build.0 = Debug|Any CPU
		{1FDED58A-1A62-46E5-875D-6B414C899623}.Release|Any CPU.ActiveCfg = Release|Any CPU
		{1FDED58A-1A62-46E5-875D-6B414C899623}.Release|Any CPU.Build.0 = Release|Any CPU
		{179C7113-28EB-43D5-9BE7-B72CA83BC5D6}.Debug|Any CPU.ActiveCfg = Debug|Any CPU
		{179C7113-28EB-43D5-9BE7-B72CA83BC5D6}.Debug|Any CPU.Build.0 = Debug|Any CPU
		{179C7113-28EB-43D5-9BE7-B72CA83BC5D6}.Release|Any CPU.ActiveCfg = Release|Any CPU
		{179C7113-28EB-43D5-9BE7-B72CA83BC5D6}.Release|Any CPU.Build.0 = Release|Any CPU
		{0E8BC8F0-6DED-49C1-ADBF-850B1021DDA4}.Debug|Any CPU.ActiveCfg = Debug|Any CPU
		{0E8BC8F0-6DED-49C1-ADBF-850B1021DDA4}.Debug|Any CPU.Build.0 = Debug|Any CPU
		{0E8BC8F0-6DED-49C1-ADBF-850B1021DDA4}.Release|Any CPU.ActiveCfg = Release|Any CPU
		{0E8BC8F0-6DED-49C1-ADBF-850B1021DDA4}.Release|Any CPU.Build.0 = Release|Any CPU
		{5B9D6E50-B032-4D30-9174-67B776A3E261}.Debug|Any CPU.ActiveCfg = Debug|Any CPU
		{5B9D6E50-B032-4D30-9174-67B776A3E261}.Debug|Any CPU.Build.0 = Debug|Any CPU
		{5B9D6E50-B032-4D30-9174-67B776A3E261}.Release|Any CPU.ActiveCfg = Release|Any CPU
		{5B9D6E50-B032-4D30-9174-67B776A3E261}.Release|Any CPU.Build.0 = Release|Any CPU
		{8904346B-8C4B-4BE5-AB7B-23D5C09986AA}.Debug|Any CPU.ActiveCfg = Debug|Any CPU
		{8904346B-8C4B-4BE5-AB7B-23D5C09986AA}.Debug|Any CPU.Build.0 = Debug|Any CPU
		{8904346B-8C4B-4BE5-AB7B-23D5C09986AA}.Release|Any CPU.ActiveCfg = Release|Any CPU
		{8904346B-8C4B-4BE5-AB7B-23D5C09986AA}.Release|Any CPU.Build.0 = Release|Any CPU
		{E3C10AF8-69A9-42FC-8ACF-5C1AE9B64378}.Debug|Any CPU.ActiveCfg = Debug|Any CPU
		{E3C10AF8-69A9-42FC-8ACF-5C1AE9B64378}.Debug|Any CPU.Build.0 = Debug|Any CPU
		{E3C10AF8-69A9-42FC-8ACF-5C1AE9B64378}.Release|Any CPU.ActiveCfg = Release|Any CPU
		{E3C10AF8-69A9-42FC-8ACF-5C1AE9B64378}.Release|Any CPU.Build.0 = Release|Any CPU
		{ACF93F2C-E3A1-49B8-9A03-19DB0B3E0C61}.Debug|Any CPU.ActiveCfg = Debug|Any CPU
		{ACF93F2C-E3A1-49B8-9A03-19DB0B3E0C61}.Debug|Any CPU.Build.0 = Debug|Any CPU
		{ACF93F2C-E3A1-49B8-9A03-19DB0B3E0C61}.Release|Any CPU.ActiveCfg = Release|Any CPU
		{ACF93F2C-E3A1-49B8-9A03-19DB0B3E0C61}.Release|Any CPU.Build.0 = Release|Any CPU
		{32BCEF00-B4FB-45A3-84BC-1AC9C0CDF061}.Debug|Any CPU.ActiveCfg = Debug|Any CPU
		{32BCEF00-B4FB-45A3-84BC-1AC9C0CDF061}.Debug|Any CPU.Build.0 = Debug|Any CPU
		{32BCEF00-B4FB-45A3-84BC-1AC9C0CDF061}.Release|Any CPU.ActiveCfg = Release|Any CPU
		{32BCEF00-B4FB-45A3-84BC-1AC9C0CDF061}.Release|Any CPU.Build.0 = Release|Any CPU
	EndGlobalSection
	GlobalSection(NestedProjects) = preSolution
		{283D3399-7304-481E-8543-B905AB180C7C} = {C761BDF3-58AD-4229-B536-A6449392E6B5}
		{50BF1476-C7E2-46AB-8C9F-F3C2286D4ECA} = {C761BDF3-58AD-4229-B536-A6449392E6B5}
		{420785DD-70D1-4BD6-84AD-CD88A6D4E3E7} = {C761BDF3-58AD-4229-B536-A6449392E6B5}
		{CD6380FA-B6F7-4FF4-93C1-2A2F47778AC4} = {C761BDF3-58AD-4229-B536-A6449392E6B5}
		{1FDED58A-1A62-46E5-875D-6B414C899623} = {EE3FF478-5716-46BB-A88B-934386F468A7}
		{8904346B-8C4B-4BE5-AB7B-23D5C09986AA} = {EE3FF478-5716-46BB-A88B-934386F468A7}
		{0E8BC8F0-6DED-49C1-ADBF-850B1021DDA4} = {EE3FF478-5716-46BB-A88B-934386F468A7}
		{E3C10AF8-69A9-42FC-8ACF-5C1AE9B64378} = {C761BDF3-58AD-4229-B536-A6449392E6B5}
		{ACF93F2C-E3A1-49B8-9A03-19DB0B3E0C61} = {EE3FF478-5716-46BB-A88B-934386F468A7}
		{AFD302B5-98A5-4D2D-AE21-D7CFA9FB27C3} = {EB8D0048-29B1-4788-B2A2-DAA0B17482C6}
		{32BCEF00-B4FB-45A3-84BC-1AC9C0CDF061} = {EB8D0048-29B1-4788-B2A2-DAA0B17482C6}
	EndGlobalSection
EndGlobal
